// !$*UTF8*$!
{
	archiveVersion = 1;
	classes = {
	};
	objectVersion = 50;
	objects = {

/* Begin PBXBuildFile section */
		04C8BAC1674B17CECEC44020 /* Pods_FinalProj.framework in Frameworks */ = {isa = PBXBuildFile; fileRef = 5752BF1D4D75B5E38BD83E4A /* Pods_FinalProj.framework */; };
		1A3C58F72442D486005998CF /* DetailViewController.swift in Sources */ = {isa = PBXBuildFile; fileRef = 1A3C58F62442D486005998CF /* DetailViewController.swift */; };
		1A5C3086242C6DC100B1C2F4 /* AppDelegate.swift in Sources */ = {isa = PBXBuildFile; fileRef = 1A5C3085242C6DC100B1C2F4 /* AppDelegate.swift */; };
		1A5C308B242C6DC100B1C2F4 /* Main.storyboard in Resources */ = {isa = PBXBuildFile; fileRef = 1A5C3089242C6DC100B1C2F4 /* Main.storyboard */; };
		1A5C308D242C6DC400B1C2F4 /* Assets.xcassets in Resources */ = {isa = PBXBuildFile; fileRef = 1A5C308C242C6DC400B1C2F4 /* Assets.xcassets */; };
		1A5C3090242C6DC400B1C2F4 /* LaunchScreen.storyboard in Resources */ = {isa = PBXBuildFile; fileRef = 1A5C308E242C6DC400B1C2F4 /* LaunchScreen.storyboard */; };
		1A5C309B242C6DC400B1C2F4 /* FinalProjTests.swift in Sources */ = {isa = PBXBuildFile; fileRef = 1A5C309A242C6DC400B1C2F4 /* FinalProjTests.swift */; };
		1A5C30A6242C6DC400B1C2F4 /* FinalProjUITests.swift in Sources */ = {isa = PBXBuildFile; fileRef = 1A5C30A5242C6DC400B1C2F4 /* FinalProjUITests.swift */; };
		1AD4C3C02442BB92006D218B /* AuthenticationViewController.swift in Sources */ = {isa = PBXBuildFile; fileRef = 1AD4C3BF2442BB92006D218B /* AuthenticationViewController.swift */; };
		1AD4C3C22442C4EB006D218B /* SignUpViewController.swift in Sources */ = {isa = PBXBuildFile; fileRef = 1AD4C3C12442C4EB006D218B /* SignUpViewController.swift */; };
		20FF16852443C9B70011EE65 /* ReportViewController.swift in Sources */ = {isa = PBXBuildFile; fileRef = 20FF16842443C9B70011EE65 /* ReportViewController.swift */; };
		5CC842902CADD5F0C0ABD12B /* Pods_FinalProj_FinalProjUITests.framework in Frameworks */ = {isa = PBXBuildFile; fileRef = B14FDCC19CBCE4759961C9CB /* Pods_FinalProj_FinalProjUITests.framework */; };
		65A5D54A8DE2381A33E1E17C /* Pods_FinalProjTests.framework in Frameworks */ = {isa = PBXBuildFile; fileRef = 33C78CBF07F9725A4F28E1AD /* Pods_FinalProjTests.framework */; };
/* End PBXBuildFile section */

/* Begin PBXContainerItemProxy section */
		1A5C3097242C6DC400B1C2F4 /* PBXContainerItemProxy */ = {
			isa = PBXContainerItemProxy;
			containerPortal = 1A5C307A242C6DC100B1C2F4 /* Project object */;
			proxyType = 1;
			remoteGlobalIDString = 1A5C3081242C6DC100B1C2F4;
			remoteInfo = FinalProj;
		};
		1A5C30A2242C6DC400B1C2F4 /* PBXContainerItemProxy */ = {
			isa = PBXContainerItemProxy;
			containerPortal = 1A5C307A242C6DC100B1C2F4 /* Project object */;
			proxyType = 1;
			remoteGlobalIDString = 1A5C3081242C6DC100B1C2F4;
			remoteInfo = FinalProj;
		};
/* End PBXContainerItemProxy section */

/* Begin PBXFileReference section */
		1A3C58F62442D486005998CF /* DetailViewController.swift */ = {isa = PBXFileReference; lastKnownFileType = sourcecode.swift; path = DetailViewController.swift; sourceTree = "<group>"; };
		1A5C3082242C6DC100B1C2F4 /* FinalProj.app */ = {isa = PBXFileReference; explicitFileType = wrapper.application; includeInIndex = 0; path = FinalProj.app; sourceTree = BUILT_PRODUCTS_DIR; };
		1A5C3085242C6DC100B1C2F4 /* AppDelegate.swift */ = {isa = PBXFileReference; lastKnownFileType = sourcecode.swift; path = AppDelegate.swift; sourceTree = "<group>"; };
		1A5C308A242C6DC100B1C2F4 /* Base */ = {isa = PBXFileReference; lastKnownFileType = file.storyboard; name = Base; path = Base.lproj/Main.storyboard; sourceTree = "<group>"; };
		1A5C308C242C6DC400B1C2F4 /* Assets.xcassets */ = {isa = PBXFileReference; lastKnownFileType = folder.assetcatalog; path = Assets.xcassets; sourceTree = "<group>"; };
		1A5C308F242C6DC400B1C2F4 /* Base */ = {isa = PBXFileReference; lastKnownFileType = file.storyboard; name = Base; path = Base.lproj/LaunchScreen.storyboard; sourceTree = "<group>"; };
		1A5C3091242C6DC400B1C2F4 /* Info.plist */ = {isa = PBXFileReference; lastKnownFileType = text.plist.xml; path = Info.plist; sourceTree = "<group>"; };
		1A5C3096242C6DC400B1C2F4 /* FinalProjTests.xctest */ = {isa = PBXFileReference; explicitFileType = wrapper.cfbundle; includeInIndex = 0; path = FinalProjTests.xctest; sourceTree = BUILT_PRODUCTS_DIR; };
		1A5C309A242C6DC400B1C2F4 /* FinalProjTests.swift */ = {isa = PBXFileReference; lastKnownFileType = sourcecode.swift; path = FinalProjTests.swift; sourceTree = "<group>"; };
		1A5C309C242C6DC400B1C2F4 /* Info.plist */ = {isa = PBXFileReference; lastKnownFileType = text.plist.xml; path = Info.plist; sourceTree = "<group>"; };
		1A5C30A1242C6DC400B1C2F4 /* FinalProjUITests.xctest */ = {isa = PBXFileReference; explicitFileType = wrapper.cfbundle; includeInIndex = 0; path = FinalProjUITests.xctest; sourceTree = BUILT_PRODUCTS_DIR; };
		1A5C30A5242C6DC400B1C2F4 /* FinalProjUITests.swift */ = {isa = PBXFileReference; lastKnownFileType = sourcecode.swift; path = FinalProjUITests.swift; sourceTree = "<group>"; };
		1A5C30A7242C6DC400B1C2F4 /* Info.plist */ = {isa = PBXFileReference; lastKnownFileType = text.plist.xml; path = Info.plist; sourceTree = "<group>"; };
		1AD3A3160B96A9C95B4388DD /* Pods-FinalProj.release.xcconfig */ = {isa = PBXFileReference; includeInIndex = 1; lastKnownFileType = text.xcconfig; name = "Pods-FinalProj.release.xcconfig"; path = "Target Support Files/Pods-FinalProj/Pods-FinalProj.release.xcconfig"; sourceTree = "<group>"; };
		1AD4C3BF2442BB92006D218B /* AuthenticationViewController.swift */ = {isa = PBXFileReference; lastKnownFileType = sourcecode.swift; path = AuthenticationViewController.swift; sourceTree = "<group>"; };
		1AD4C3C12442C4EB006D218B /* SignUpViewController.swift */ = {isa = PBXFileReference; lastKnownFileType = sourcecode.swift; path = SignUpViewController.swift; sourceTree = "<group>"; };
		20FF16842443C9B70011EE65 /* ReportViewController.swift */ = {isa = PBXFileReference; lastKnownFileType = sourcecode.swift; path = ReportViewController.swift; sourceTree = "<group>"; };
		313482B002142DF781A3FB67 /* Pods-FinalProjTests.release.xcconfig */ = {isa = PBXFileReference; includeInIndex = 1; lastKnownFileType = text.xcconfig; name = "Pods-FinalProjTests.release.xcconfig"; path = "Target Support Files/Pods-FinalProjTests/Pods-FinalProjTests.release.xcconfig"; sourceTree = "<group>"; };
		33C78CBF07F9725A4F28E1AD /* Pods_FinalProjTests.framework */ = {isa = PBXFileReference; explicitFileType = wrapper.framework; includeInIndex = 0; path = Pods_FinalProjTests.framework; sourceTree = BUILT_PRODUCTS_DIR; };
		34D01AE19894E80EE0537F2C /* Pods-FinalProj.debug.xcconfig */ = {isa = PBXFileReference; includeInIndex = 1; lastKnownFileType = text.xcconfig; name = "Pods-FinalProj.debug.xcconfig"; path = "Target Support Files/Pods-FinalProj/Pods-FinalProj.debug.xcconfig"; sourceTree = "<group>"; };
		471C7C0FF25A48E7862A1B15 /* Pods-FinalProj-FinalProjUITests.release.xcconfig */ = {isa = PBXFileReference; includeInIndex = 1; lastKnownFileType = text.xcconfig; name = "Pods-FinalProj-FinalProjUITests.release.xcconfig"; path = "Target Support Files/Pods-FinalProj-FinalProjUITests/Pods-FinalProj-FinalProjUITests.release.xcconfig"; sourceTree = "<group>"; };
		4C372409FCBB3E28AD48B1E1 /* Pods-FinalProjTests.debug.xcconfig */ = {isa = PBXFileReference; includeInIndex = 1; lastKnownFileType = text.xcconfig; name = "Pods-FinalProjTests.debug.xcconfig"; path = "Target Support Files/Pods-FinalProjTests/Pods-FinalProjTests.debug.xcconfig"; sourceTree = "<group>"; };
		5752BF1D4D75B5E38BD83E4A /* Pods_FinalProj.framework */ = {isa = PBXFileReference; explicitFileType = wrapper.framework; includeInIndex = 0; path = Pods_FinalProj.framework; sourceTree = BUILT_PRODUCTS_DIR; };
		B14FDCC19CBCE4759961C9CB /* Pods_FinalProj_FinalProjUITests.framework */ = {isa = PBXFileReference; explicitFileType = wrapper.framework; includeInIndex = 0; path = Pods_FinalProj_FinalProjUITests.framework; sourceTree = BUILT_PRODUCTS_DIR; };
		CAC62FDB7188A8159B0482F4 /* Pods-FinalProj-FinalProjUITests.debug.xcconfig */ = {isa = PBXFileReference; includeInIndex = 1; lastKnownFileType = text.xcconfig; name = "Pods-FinalProj-FinalProjUITests.debug.xcconfig"; path = "Target Support Files/Pods-FinalProj-FinalProjUITests/Pods-FinalProj-FinalProjUITests.debug.xcconfig"; sourceTree = "<group>"; };
/* End PBXFileReference section */

/* Begin PBXFrameworksBuildPhase section */
		1A5C307F242C6DC100B1C2F4 /* Frameworks */ = {
			isa = PBXFrameworksBuildPhase;
			buildActionMask = 2147483647;
			files = (
				04C8BAC1674B17CECEC44020 /* Pods_FinalProj.framework in Frameworks */,
			);
			runOnlyForDeploymentPostprocessing = 0;
		};
		1A5C3093242C6DC400B1C2F4 /* Frameworks */ = {
			isa = PBXFrameworksBuildPhase;
			buildActionMask = 2147483647;
			files = (
				65A5D54A8DE2381A33E1E17C /* Pods_FinalProjTests.framework in Frameworks */,
			);
			runOnlyForDeploymentPostprocessing = 0;
		};
		1A5C309E242C6DC400B1C2F4 /* Frameworks */ = {
			isa = PBXFrameworksBuildPhase;
			buildActionMask = 2147483647;
			files = (
				5CC842902CADD5F0C0ABD12B /* Pods_FinalProj_FinalProjUITests.framework in Frameworks */,
			);
			runOnlyForDeploymentPostprocessing = 0;
		};
/* End PBXFrameworksBuildPhase section */

/* Begin PBXGroup section */
		1A5C3079242C6DC100B1C2F4 = {
			isa = PBXGroup;
			children = (
				1A5C3084242C6DC100B1C2F4 /* FinalProj */,
				1A5C3099242C6DC400B1C2F4 /* FinalProjTests */,
				1A5C30A4242C6DC400B1C2F4 /* FinalProjUITests */,
				1A5C3083242C6DC100B1C2F4 /* Products */,
				1AA9318F7546D16A4081F2F3 /* Pods */,
				A2191258683844F9F1A0C97E /* Frameworks */,
			);
			sourceTree = "<group>";
		};
		1A5C3083242C6DC100B1C2F4 /* Products */ = {
			isa = PBXGroup;
			children = (
				1A5C3082242C6DC100B1C2F4 /* FinalProj.app */,
				1A5C3096242C6DC400B1C2F4 /* FinalProjTests.xctest */,
				1A5C30A1242C6DC400B1C2F4 /* FinalProjUITests.xctest */,
			);
			name = Products;
			sourceTree = "<group>";
		};
		1A5C3084242C6DC100B1C2F4 /* FinalProj */ = {
			isa = PBXGroup;
			children = (
				1A5C3085242C6DC100B1C2F4 /* AppDelegate.swift */,
				1A5C3089242C6DC100B1C2F4 /* Main.storyboard */,
				1A5C308C242C6DC400B1C2F4 /* Assets.xcassets */,
				1A5C308E242C6DC400B1C2F4 /* LaunchScreen.storyboard */,
				1A5C3091242C6DC400B1C2F4 /* Info.plist */,
				1AD4C3BF2442BB92006D218B /* AuthenticationViewController.swift */,
				1AD4C3C12442C4EB006D218B /* SignUpViewController.swift */,
				1A3C58F62442D486005998CF /* DetailViewController.swift */,
				20FF16842443C9B70011EE65 /* ReportViewController.swift */,
			);
			path = FinalProj;
			sourceTree = "<group>";
		};
		1A5C3099242C6DC400B1C2F4 /* FinalProjTests */ = {
			isa = PBXGroup;
			children = (
				1A5C309A242C6DC400B1C2F4 /* FinalProjTests.swift */,
				1A5C309C242C6DC400B1C2F4 /* Info.plist */,
			);
			path = FinalProjTests;
			sourceTree = "<group>";
		};
		1A5C30A4242C6DC400B1C2F4 /* FinalProjUITests */ = {
			isa = PBXGroup;
			children = (
				1A5C30A5242C6DC400B1C2F4 /* FinalProjUITests.swift */,
				1A5C30A7242C6DC400B1C2F4 /* Info.plist */,
			);
			path = FinalProjUITests;
			sourceTree = "<group>";
		};
		1AA9318F7546D16A4081F2F3 /* Pods */ = {
			isa = PBXGroup;
			children = (
				34D01AE19894E80EE0537F2C /* Pods-FinalProj.debug.xcconfig */,
				1AD3A3160B96A9C95B4388DD /* Pods-FinalProj.release.xcconfig */,
				CAC62FDB7188A8159B0482F4 /* Pods-FinalProj-FinalProjUITests.debug.xcconfig */,
				471C7C0FF25A48E7862A1B15 /* Pods-FinalProj-FinalProjUITests.release.xcconfig */,
				4C372409FCBB3E28AD48B1E1 /* Pods-FinalProjTests.debug.xcconfig */,
				313482B002142DF781A3FB67 /* Pods-FinalProjTests.release.xcconfig */,
			);
			name = Pods;
			path = Pods;
			sourceTree = "<group>";
		};
		A2191258683844F9F1A0C97E /* Frameworks */ = {
			isa = PBXGroup;
			children = (
				5752BF1D4D75B5E38BD83E4A /* Pods_FinalProj.framework */,
				B14FDCC19CBCE4759961C9CB /* Pods_FinalProj_FinalProjUITests.framework */,
				33C78CBF07F9725A4F28E1AD /* Pods_FinalProjTests.framework */,
			);
			name = Frameworks;
			sourceTree = "<group>";
		};
/* End PBXGroup section */

/* Begin PBXNativeTarget section */
		1A5C3081242C6DC100B1C2F4 /* FinalProj */ = {
			isa = PBXNativeTarget;
			buildConfigurationList = 1A5C30AA242C6DC400B1C2F4 /* Build configuration list for PBXNativeTarget "FinalProj" */;
			buildPhases = (
				B26BFD8FE30874EA477BB15D /* [CP] Check Pods Manifest.lock */,
				1A5C307E242C6DC100B1C2F4 /* Sources */,
				1A5C307F242C6DC100B1C2F4 /* Frameworks */,
				1A5C3080242C6DC100B1C2F4 /* Resources */,
				5F2E54F4764D56204C766548 /* [CP] Embed Pods Frameworks */,
			);
			buildRules = (
			);
			dependencies = (
			);
			name = FinalProj;
			productName = FinalProj;
			productReference = 1A5C3082242C6DC100B1C2F4 /* FinalProj.app */;
			productType = "com.apple.product-type.application";
		};
		1A5C3095242C6DC400B1C2F4 /* FinalProjTests */ = {
			isa = PBXNativeTarget;
			buildConfigurationList = 1A5C30AD242C6DC400B1C2F4 /* Build configuration list for PBXNativeTarget "FinalProjTests" */;
			buildPhases = (
				37DAC702C2B1DC2951DB3875 /* [CP] Check Pods Manifest.lock */,
				1A5C3092242C6DC400B1C2F4 /* Sources */,
				1A5C3093242C6DC400B1C2F4 /* Frameworks */,
				1A5C3094242C6DC400B1C2F4 /* Resources */,
			);
			buildRules = (
			);
			dependencies = (
				1A5C3098242C6DC400B1C2F4 /* PBXTargetDependency */,
			);
			name = FinalProjTests;
			productName = FinalProjTests;
			productReference = 1A5C3096242C6DC400B1C2F4 /* FinalProjTests.xctest */;
			productType = "com.apple.product-type.bundle.unit-test";
		};
		1A5C30A0242C6DC400B1C2F4 /* FinalProjUITests */ = {
			isa = PBXNativeTarget;
			buildConfigurationList = 1A5C30B0242C6DC400B1C2F4 /* Build configuration list for PBXNativeTarget "FinalProjUITests" */;
			buildPhases = (
				B58EF912DF9E778866934280 /* [CP] Check Pods Manifest.lock */,
				1A5C309D242C6DC400B1C2F4 /* Sources */,
				1A5C309E242C6DC400B1C2F4 /* Frameworks */,
				1A5C309F242C6DC400B1C2F4 /* Resources */,
				0EA598218485332E0D7FFEFA /* [CP] Embed Pods Frameworks */,
			);
			buildRules = (
			);
			dependencies = (
				1A5C30A3242C6DC400B1C2F4 /* PBXTargetDependency */,
			);
			name = FinalProjUITests;
			productName = FinalProjUITests;
			productReference = 1A5C30A1242C6DC400B1C2F4 /* FinalProjUITests.xctest */;
			productType = "com.apple.product-type.bundle.ui-testing";
		};
/* End PBXNativeTarget section */

/* Begin PBXProject section */
		1A5C307A242C6DC100B1C2F4 /* Project object */ = {
			isa = PBXProject;
			attributes = {
				LastSwiftUpdateCheck = 1030;
				LastUpgradeCheck = 1030;
				ORGANIZATIONNAME = "Andre Vincent";
				TargetAttributes = {
					1A5C3081242C6DC100B1C2F4 = {
						CreatedOnToolsVersion = 10.3;
					};
					1A5C3095242C6DC400B1C2F4 = {
						CreatedOnToolsVersion = 10.3;
						TestTargetID = 1A5C3081242C6DC100B1C2F4;
					};
					1A5C30A0242C6DC400B1C2F4 = {
						CreatedOnToolsVersion = 10.3;
						TestTargetID = 1A5C3081242C6DC100B1C2F4;
					};
				};
			};
			buildConfigurationList = 1A5C307D242C6DC100B1C2F4 /* Build configuration list for PBXProject "FinalProj" */;
			compatibilityVersion = "Xcode 9.3";
			developmentRegion = en;
			hasScannedForEncodings = 0;
			knownRegions = (
				en,
				Base,
			);
			mainGroup = 1A5C3079242C6DC100B1C2F4;
			productRefGroup = 1A5C3083242C6DC100B1C2F4 /* Products */;
			projectDirPath = "";
			projectRoot = "";
			targets = (
				1A5C3081242C6DC100B1C2F4 /* FinalProj */,
				1A5C3095242C6DC400B1C2F4 /* FinalProjTests */,
				1A5C30A0242C6DC400B1C2F4 /* FinalProjUITests */,
			);
		};
/* End PBXProject section */

/* Begin PBXResourcesBuildPhase section */
		1A5C3080242C6DC100B1C2F4 /* Resources */ = {
			isa = PBXResourcesBuildPhase;
			buildActionMask = 2147483647;
			files = (
				1A5C3090242C6DC400B1C2F4 /* LaunchScreen.storyboard in Resources */,
				1A5C308D242C6DC400B1C2F4 /* Assets.xcassets in Resources */,
				1A5C308B242C6DC100B1C2F4 /* Main.storyboard in Resources */,
			);
			runOnlyForDeploymentPostprocessing = 0;
		};
		1A5C3094242C6DC400B1C2F4 /* Resources */ = {
			isa = PBXResourcesBuildPhase;
			buildActionMask = 2147483647;
			files = (
			);
			runOnlyForDeploymentPostprocessing = 0;
		};
		1A5C309F242C6DC400B1C2F4 /* Resources */ = {
			isa = PBXResourcesBuildPhase;
			buildActionMask = 2147483647;
			files = (
			);
			runOnlyForDeploymentPostprocessing = 0;
		};
/* End PBXResourcesBuildPhase section */

/* Begin PBXShellScriptBuildPhase section */
		0EA598218485332E0D7FFEFA /* [CP] Embed Pods Frameworks */ = {
			isa = PBXShellScriptBuildPhase;
			buildActionMask = 2147483647;
			files = (
			);
			inputFileListPaths = (
				"${PODS_ROOT}/Target Support Files/Pods-FinalProj-FinalProjUITests/Pods-FinalProj-FinalProjUITests-frameworks-${CONFIGURATION}-input-files.xcfilelist",
			);
			name = "[CP] Embed Pods Frameworks";
			outputFileListPaths = (
				"${PODS_ROOT}/Target Support Files/Pods-FinalProj-FinalProjUITests/Pods-FinalProj-FinalProjUITests-frameworks-${CONFIGURATION}-output-files.xcfilelist",
			);
			runOnlyForDeploymentPostprocessing = 0;
			shellPath = /bin/sh;
			shellScript = "\"${PODS_ROOT}/Target Support Files/Pods-FinalProj-FinalProjUITests/Pods-FinalProj-FinalProjUITests-frameworks.sh\"\n";
			showEnvVarsInLog = 0;
		};
		37DAC702C2B1DC2951DB3875 /* [CP] Check Pods Manifest.lock */ = {
			isa = PBXShellScriptBuildPhase;
			buildActionMask = 2147483647;
			files = (
			);
			inputFileListPaths = (
			);
			inputPaths = (
				"${PODS_PODFILE_DIR_PATH}/Podfile.lock",
				"${PODS_ROOT}/Manifest.lock",
			);
			name = "[CP] Check Pods Manifest.lock";
			outputFileListPaths = (
			);
			outputPaths = (
				"$(DERIVED_FILE_DIR)/Pods-FinalProjTests-checkManifestLockResult.txt",
			);
			runOnlyForDeploymentPostprocessing = 0;
			shellPath = /bin/sh;
			shellScript = "diff \"${PODS_PODFILE_DIR_PATH}/Podfile.lock\" \"${PODS_ROOT}/Manifest.lock\" > /dev/null\nif [ $? != 0 ] ; then\n    # print error to STDERR\n    echo \"error: The sandbox is not in sync with the Podfile.lock. Run 'pod install' or update your CocoaPods installation.\" >&2\n    exit 1\nfi\n# This output is used by Xcode 'outputs' to avoid re-running this script phase.\necho \"SUCCESS\" > \"${SCRIPT_OUTPUT_FILE_0}\"\n";
			showEnvVarsInLog = 0;
		};
		5F2E54F4764D56204C766548 /* [CP] Embed Pods Frameworks */ = {
			isa = PBXShellScriptBuildPhase;
			buildActionMask = 2147483647;
			files = (
			);
			inputFileListPaths = (
				"${PODS_ROOT}/Target Support Files/Pods-FinalProj/Pods-FinalProj-frameworks-${CONFIGURATION}-input-files.xcfilelist",
			);
			name = "[CP] Embed Pods Frameworks";
			outputFileListPaths = (
				"${PODS_ROOT}/Target Support Files/Pods-FinalProj/Pods-FinalProj-frameworks-${CONFIGURATION}-output-files.xcfilelist",
			);
			runOnlyForDeploymentPostprocessing = 0;
			shellPath = /bin/sh;
			shellScript = "\"${PODS_ROOT}/Target Support Files/Pods-FinalProj/Pods-FinalProj-frameworks.sh\"\n";
			showEnvVarsInLog = 0;
		};
		B26BFD8FE30874EA477BB15D /* [CP] Check Pods Manifest.lock */ = {
			isa = PBXShellScriptBuildPhase;
			buildActionMask = 2147483647;
			files = (
			);
			inputFileListPaths = (
			);
			inputPaths = (
				"${PODS_PODFILE_DIR_PATH}/Podfile.lock",
				"${PODS_ROOT}/Manifest.lock",
			);
			name = "[CP] Check Pods Manifest.lock";
			outputFileListPaths = (
			);
			outputPaths = (
				"$(DERIVED_FILE_DIR)/Pods-FinalProj-checkManifestLockResult.txt",
			);
			runOnlyForDeploymentPostprocessing = 0;
			shellPath = /bin/sh;
			shellScript = "diff \"${PODS_PODFILE_DIR_PATH}/Podfile.lock\" \"${PODS_ROOT}/Manifest.lock\" > /dev/null\nif [ $? != 0 ] ; then\n    # print error to STDERR\n    echo \"error: The sandbox is not in sync with the Podfile.lock. Run 'pod install' or update your CocoaPods installation.\" >&2\n    exit 1\nfi\n# This output is used by Xcode 'outputs' to avoid re-running this script phase.\necho \"SUCCESS\" > \"${SCRIPT_OUTPUT_FILE_0}\"\n";
			showEnvVarsInLog = 0;
		};
		B58EF912DF9E778866934280 /* [CP] Check Pods Manifest.lock */ = {
			isa = PBXShellScriptBuildPhase;
			buildActionMask = 2147483647;
			files = (
			);
			inputFileListPaths = (
			);
			inputPaths = (
				"${PODS_PODFILE_DIR_PATH}/Podfile.lock",
				"${PODS_ROOT}/Manifest.lock",
			);
			name = "[CP] Check Pods Manifest.lock";
			outputFileListPaths = (
			);
			outputPaths = (
				"$(DERIVED_FILE_DIR)/Pods-FinalProj-FinalProjUITests-checkManifestLockResult.txt",
			);
			runOnlyForDeploymentPostprocessing = 0;
			shellPath = /bin/sh;
			shellScript = "diff \"${PODS_PODFILE_DIR_PATH}/Podfile.lock\" \"${PODS_ROOT}/Manifest.lock\" > /dev/null\nif [ $? != 0 ] ; then\n    # print error to STDERR\n    echo \"error: The sandbox is not in sync with the Podfile.lock. Run 'pod install' or update your CocoaPods installation.\" >&2\n    exit 1\nfi\n# This output is used by Xcode 'outputs' to avoid re-running this script phase.\necho \"SUCCESS\" > \"${SCRIPT_OUTPUT_FILE_0}\"\n";
			showEnvVarsInLog = 0;
		};
/* End PBXShellScriptBuildPhase section */

/* Begin PBXSourcesBuildPhase section */
		1A5C307E242C6DC100B1C2F4 /* Sources */ = {
			isa = PBXSourcesBuildPhase;
			buildActionMask = 2147483647;
			files = (
				1AD4C3C22442C4EB006D218B /* SignUpViewController.swift in Sources */,
				1AD4C3C02442BB92006D218B /* AuthenticationViewController.swift in Sources */,
				1A5C3086242C6DC100B1C2F4 /* AppDelegate.swift in Sources */,
				20FF16852443C9B70011EE65 /* ReportViewController.swift in Sources */,
				1A3C58F72442D486005998CF /* DetailViewController.swift in Sources */,
			);
			runOnlyForDeploymentPostprocessing = 0;
		};
		1A5C3092242C6DC400B1C2F4 /* Sources */ = {
			isa = PBXSourcesBuildPhase;
			buildActionMask = 2147483647;
			files = (
				1A5C309B242C6DC400B1C2F4 /* FinalProjTests.swift in Sources */,
			);
			runOnlyForDeploymentPostprocessing = 0;
		};
		1A5C309D242C6DC400B1C2F4 /* Sources */ = {
			isa = PBXSourcesBuildPhase;
			buildActionMask = 2147483647;
			files = (
				1A5C30A6242C6DC400B1C2F4 /* FinalProjUITests.swift in Sources */,
			);
			runOnlyForDeploymentPostprocessing = 0;
		};
/* End PBXSourcesBuildPhase section */

/* Begin PBXTargetDependency section */
		1A5C3098242C6DC400B1C2F4 /* PBXTargetDependency */ = {
			isa = PBXTargetDependency;
			target = 1A5C3081242C6DC100B1C2F4 /* FinalProj */;
			targetProxy = 1A5C3097242C6DC400B1C2F4 /* PBXContainerItemProxy */;
		};
		1A5C30A3242C6DC400B1C2F4 /* PBXTargetDependency */ = {
			isa = PBXTargetDependency;
			target = 1A5C3081242C6DC100B1C2F4 /* FinalProj */;
			targetProxy = 1A5C30A2242C6DC400B1C2F4 /* PBXContainerItemProxy */;
		};
/* End PBXTargetDependency section */

/* Begin PBXVariantGroup section */
		1A5C3089242C6DC100B1C2F4 /* Main.storyboard */ = {
			isa = PBXVariantGroup;
			children = (
				1A5C308A242C6DC100B1C2F4 /* Base */,
			);
			name = Main.storyboard;
			sourceTree = "<group>";
		};
		1A5C308E242C6DC400B1C2F4 /* LaunchScreen.storyboard */ = {
			isa = PBXVariantGroup;
			children = (
				1A5C308F242C6DC400B1C2F4 /* Base */,
			);
			name = LaunchScreen.storyboard;
			sourceTree = "<group>";
		};
/* End PBXVariantGroup section */

/* Begin XCBuildConfiguration section */
		1A5C30A8242C6DC400B1C2F4 /* Debug */ = {
			isa = XCBuildConfiguration;
			buildSettings = {
				ALWAYS_SEARCH_USER_PATHS = NO;
				CLANG_ANALYZER_NONNULL = YES;
				CLANG_ANALYZER_NUMBER_OBJECT_CONVERSION = YES_AGGRESSIVE;
				CLANG_CXX_LANGUAGE_STANDARD = "gnu++14";
				CLANG_CXX_LIBRARY = "libc++";
				CLANG_ENABLE_MODULES = YES;
				CLANG_ENABLE_OBJC_ARC = YES;
				CLANG_ENABLE_OBJC_WEAK = YES;
				CLANG_WARN_BLOCK_CAPTURE_AUTORELEASING = YES;
				CLANG_WARN_BOOL_CONVERSION = YES;
				CLANG_WARN_COMMA = YES;
				CLANG_WARN_CONSTANT_CONVERSION = YES;
				CLANG_WARN_DEPRECATED_OBJC_IMPLEMENTATIONS = YES;
				CLANG_WARN_DIRECT_OBJC_ISA_USAGE = YES_ERROR;
				CLANG_WARN_DOCUMENTATION_COMMENTS = YES;
				CLANG_WARN_EMPTY_BODY = YES;
				CLANG_WARN_ENUM_CONVERSION = YES;
				CLANG_WARN_INFINITE_RECURSION = YES;
				CLANG_WARN_INT_CONVERSION = YES;
				CLANG_WARN_NON_LITERAL_NULL_CONVERSION = YES;
				CLANG_WARN_OBJC_IMPLICIT_RETAIN_SELF = YES;
				CLANG_WARN_OBJC_LITERAL_CONVERSION = YES;
				CLANG_WARN_OBJC_ROOT_CLASS = YES_ERROR;
				CLANG_WARN_RANGE_LOOP_ANALYSIS = YES;
				CLANG_WARN_STRICT_PROTOTYPES = YES;
				CLANG_WARN_SUSPICIOUS_MOVE = YES;
				CLANG_WARN_UNGUARDED_AVAILABILITY = YES_AGGRESSIVE;
				CLANG_WARN_UNREACHABLE_CODE = YES;
				CLANG_WARN__DUPLICATE_METHOD_MATCH = YES;
				CODE_SIGN_IDENTITY = "iPhone Developer";
				COPY_PHASE_STRIP = NO;
				DEBUG_INFORMATION_FORMAT = dwarf;
				ENABLE_STRICT_OBJC_MSGSEND = YES;
				ENABLE_TESTABILITY = YES;
				GCC_C_LANGUAGE_STANDARD = gnu11;
				GCC_DYNAMIC_NO_PIC = NO;
				GCC_NO_COMMON_BLOCKS = YES;
				GCC_OPTIMIZATION_LEVEL = 0;
				GCC_PREPROCESSOR_DEFINITIONS = (
					"DEBUG=1",
					"$(inherited)",
				);
				GCC_WARN_64_TO_32_BIT_CONVERSION = YES;
				GCC_WARN_ABOUT_RETURN_TYPE = YES_ERROR;
				GCC_WARN_UNDECLARED_SELECTOR = YES;
				GCC_WARN_UNINITIALIZED_AUTOS = YES_AGGRESSIVE;
				GCC_WARN_UNUSED_FUNCTION = YES;
				GCC_WARN_UNUSED_VARIABLE = YES;
				IPHONEOS_DEPLOYMENT_TARGET = 12.4;
				MTL_ENABLE_DEBUG_INFO = INCLUDE_SOURCE;
				MTL_FAST_MATH = YES;
				ONLY_ACTIVE_ARCH = YES;
				SDKROOT = iphoneos;
				SWIFT_ACTIVE_COMPILATION_CONDITIONS = DEBUG;
				SWIFT_OPTIMIZATION_LEVEL = "-Onone";
			};
			name = Debug;
		};
		1A5C30A9242C6DC400B1C2F4 /* Release */ = {
			isa = XCBuildConfiguration;
			buildSettings = {
				ALWAYS_SEARCH_USER_PATHS = NO;
				CLANG_ANALYZER_NONNULL = YES;
				CLANG_ANALYZER_NUMBER_OBJECT_CONVERSION = YES_AGGRESSIVE;
				CLANG_CXX_LANGUAGE_STANDARD = "gnu++14";
				CLANG_CXX_LIBRARY = "libc++";
				CLANG_ENABLE_MODULES = YES;
				CLANG_ENABLE_OBJC_ARC = YES;
				CLANG_ENABLE_OBJC_WEAK = YES;
				CLANG_WARN_BLOCK_CAPTURE_AUTORELEASING = YES;
				CLANG_WARN_BOOL_CONVERSION = YES;
				CLANG_WARN_COMMA = YES;
				CLANG_WARN_CONSTANT_CONVERSION = YES;
				CLANG_WARN_DEPRECATED_OBJC_IMPLEMENTATIONS = YES;
				CLANG_WARN_DIRECT_OBJC_ISA_USAGE = YES_ERROR;
				CLANG_WARN_DOCUMENTATION_COMMENTS = YES;
				CLANG_WARN_EMPTY_BODY = YES;
				CLANG_WARN_ENUM_CONVERSION = YES;
				CLANG_WARN_INFINITE_RECURSION = YES;
				CLANG_WARN_INT_CONVERSION = YES;
				CLANG_WARN_NON_LITERAL_NULL_CONVERSION = YES;
				CLANG_WARN_OBJC_IMPLICIT_RETAIN_SELF = YES;
				CLANG_WARN_OBJC_LITERAL_CONVERSION = YES;
				CLANG_WARN_OBJC_ROOT_CLASS = YES_ERROR;
				CLANG_WARN_RANGE_LOOP_ANALYSIS = YES;
				CLANG_WARN_STRICT_PROTOTYPES = YES;
				CLANG_WARN_SUSPICIOUS_MOVE = YES;
				CLANG_WARN_UNGUARDED_AVAILABILITY = YES_AGGRESSIVE;
				CLANG_WARN_UNREACHABLE_CODE = YES;
				CLANG_WARN__DUPLICATE_METHOD_MATCH = YES;
				CODE_SIGN_IDENTITY = "iPhone Developer";
				COPY_PHASE_STRIP = NO;
				DEBUG_INFORMATION_FORMAT = "dwarf-with-dsym";
				ENABLE_NS_ASSERTIONS = NO;
				ENABLE_STRICT_OBJC_MSGSEND = YES;
				GCC_C_LANGUAGE_STANDARD = gnu11;
				GCC_NO_COMMON_BLOCKS = YES;
				GCC_WARN_64_TO_32_BIT_CONVERSION = YES;
				GCC_WARN_ABOUT_RETURN_TYPE = YES_ERROR;
				GCC_WARN_UNDECLARED_SELECTOR = YES;
				GCC_WARN_UNINITIALIZED_AUTOS = YES_AGGRESSIVE;
				GCC_WARN_UNUSED_FUNCTION = YES;
				GCC_WARN_UNUSED_VARIABLE = YES;
				IPHONEOS_DEPLOYMENT_TARGET = 12.4;
				MTL_ENABLE_DEBUG_INFO = NO;
				MTL_FAST_MATH = YES;
				SDKROOT = iphoneos;
				SWIFT_COMPILATION_MODE = wholemodule;
				SWIFT_OPTIMIZATION_LEVEL = "-O";
				VALIDATE_PRODUCT = YES;
			};
			name = Release;
		};
		1A5C30AB242C6DC400B1C2F4 /* Debug */ = {
			isa = XCBuildConfiguration;
			baseConfigurationReference = 34D01AE19894E80EE0537F2C /* Pods-FinalProj.debug.xcconfig */;
			buildSettings = {
				ASSETCATALOG_COMPILER_APPICON_NAME = AppIcon;
				CODE_SIGN_STYLE = Automatic;
				INFOPLIST_FILE = FinalProj/Info.plist;
				LD_RUNPATH_SEARCH_PATHS = (
					"$(inherited)",
					"@executable_path/Frameworks",
				);
				PRODUCT_BUNDLE_IDENTIFIER = Vincent.FinalProj;
				PRODUCT_NAME = "$(TARGET_NAME)";
				SWIFT_VERSION = 5.0;
				TARGETED_DEVICE_FAMILY = "1,2";
			};
			name = Debug;
		};
		1A5C30AC242C6DC400B1C2F4 /* Release */ = {
			isa = XCBuildConfiguration;
			baseConfigurationReference = 1AD3A3160B96A9C95B4388DD /* Pods-FinalProj.release.xcconfig */;
			buildSettings = {
				ASSETCATALOG_COMPILER_APPICON_NAME = AppIcon;
				CODE_SIGN_STYLE = Automatic;
				INFOPLIST_FILE = FinalProj/Info.plist;
				LD_RUNPATH_SEARCH_PATHS = (
					"$(inherited)",
					"@executable_path/Frameworks",
				);
				PRODUCT_BUNDLE_IDENTIFIER = Vincent.FinalProj;
				PRODUCT_NAME = "$(TARGET_NAME)";
				SWIFT_VERSION = 5.0;
				TARGETED_DEVICE_FAMILY = "1,2";
			};
			name = Release;
		};
		1A5C30AE242C6DC400B1C2F4 /* Debug */ = {
			isa = XCBuildConfiguration;
			baseConfigurationReference = 4C372409FCBB3E28AD48B1E1 /* Pods-FinalProjTests.debug.xcconfig */;
			buildSettings = {
				ALWAYS_EMBED_SWIFT_STANDARD_LIBRARIES = YES;
				BUNDLE_LOADER = "$(TEST_HOST)";
				CODE_SIGN_STYLE = Automatic;
				INFOPLIST_FILE = FinalProjTests/Info.plist;
				LD_RUNPATH_SEARCH_PATHS = (
					"$(inherited)",
					"@executable_path/Frameworks",
					"@loader_path/Frameworks",
				);
				PRODUCT_BUNDLE_IDENTIFIER = Vincent.FinalProjTests;
				PRODUCT_NAME = "$(TARGET_NAME)";
				SWIFT_VERSION = 5.0;
				TARGETED_DEVICE_FAMILY = "1,2";
				TEST_HOST = "$(BUILT_PRODUCTS_DIR)/FinalProj.app/FinalProj";
			};
			name = Debug;
		};
		1A5C30AF242C6DC400B1C2F4 /* Release */ = {
			isa = XCBuildConfiguration;
			baseConfigurationReference = 313482B002142DF781A3FB67 /* Pods-FinalProjTests.release.xcconfig */;
			buildSettings = {
				ALWAYS_EMBED_SWIFT_STANDARD_LIBRARIES = YES;
				BUNDLE_LOADER = "$(TEST_HOST)";
				CODE_SIGN_STYLE = Automatic;
				INFOPLIST_FILE = FinalProjTests/Info.plist;
				LD_RUNPATH_SEARCH_PATHS = (
					"$(inherited)",
					"@executable_path/Frameworks",
					"@loader_path/Frameworks",
				);
				PRODUCT_BUNDLE_IDENTIFIER = Vincent.FinalProjTests;
				PRODUCT_NAME = "$(TARGET_NAME)";
				SWIFT_VERSION = 5.0;
				TARGETED_DEVICE_FAMILY = "1,2";
				TEST_HOST = "$(BUILT_PRODUCTS_DIR)/FinalProj.app/FinalProj";
			};
			name = Release;
		};
		1A5C30B1242C6DC400B1C2F4 /* Debug */ = {
			isa = XCBuildConfiguration;
			baseConfigurationReference = CAC62FDB7188A8159B0482F4 /* Pods-FinalProj-FinalProjUITests.debug.xcconfig */;
			buildSettings = {
				ALWAYS_EMBED_SWIFT_STANDARD_LIBRARIES = YES;
				CODE_SIGN_STYLE = Automatic;
				INFOPLIST_FILE = FinalProjUITests/Info.plist;
				LD_RUNPATH_SEARCH_PATHS = (
					"$(inherited)",
					"@executable_path/Frameworks",
					"@loader_path/Frameworks",
				);
				PRODUCT_BUNDLE_IDENTIFIER = Vincent.FinalProjUITests;
				PRODUCT_NAME = "$(TARGET_NAME)";
				SWIFT_VERSION = 5.0;
				TARGETED_DEVICE_FAMILY = "1,2";
				TEST_TARGET_NAME = FinalProj;
			};
			name = Debug;
		};
		1A5C30B2242C6DC400B1C2F4 /* Release */ = {
			isa = XCBuildConfiguration;
			baseConfigurationReference = 471C7C0FF25A48E7862A1B15 /* Pods-FinalProj-FinalProjUITests.release.xcconfig */;
			buildSettings = {
				ALWAYS_EMBED_SWIFT_STANDARD_LIBRARIES = YES;
				CODE_SIGN_STYLE = Automatic;
				INFOPLIST_FILE = FinalProjUITests/Info.plist;
				LD_RUNPATH_SEARCH_PATHS = (
					"$(inherited)",
					"@executable_path/Frameworks",
					"@loader_path/Frameworks",
				);
				PRODUCT_BUNDLE_IDENTIFIER = Vincent.FinalProjUITests;
				PRODUCT_NAME = "$(TARGET_NAME)";
				SWIFT_VERSION = 5.0;
				TARGETED_DEVICE_FAMILY = "1,2";
				TEST_TARGET_NAME = FinalProj;
			};
			name = Release;
		};
/* End XCBuildConfiguration section */

/* Begin XCConfigurationList section */
		1A5C307D242C6DC100B1C2F4 /* Build configuration list for PBXProject "FinalProj" */ = {
			isa = XCConfigurationList;
			buildConfigurations = (
				1A5C30A8242C6DC400B1C2F4 /* Debug */,
				1A5C30A9242C6DC400B1C2F4 /* Release */,
			);
			defaultConfigurationIsVisible = 0;
			defaultConfigurationName = Release;
		};
		1A5C30AA242C6DC400B1C2F4 /* Build configuration list for PBXNativeTarget "FinalProj" */ = {
			isa = XCConfigurationList;
			buildConfigurations = (
				1A5C30AB242C6DC400B1C2F4 /* Debug */,
				1A5C30AC242C6DC400B1C2F4 /* Release */,
			);
			defaultConfigurationIsVisible = 0;
			defaultConfigurationName = Release;
		};
		1A5C30AD242C6DC400B1C2F4 /* Build configuration list for PBXNativeTarget "FinalProjTests" */ = {
			isa = XCConfigurationList;
			buildConfigurations = (
				1A5C30AE242C6DC400B1C2F4 /* Debug */,
				1A5C30AF242C6DC400B1C2F4 /* Release */,
			);
			defaultConfigurationIsVisible = 0;
			defaultConfigurationName = Release;
		};
		1A5C30B0242C6DC400B1C2F4 /* Build configuration list for PBXNativeTarget "FinalProjUITests" */ = {
			isa = XCConfigurationList;
			buildConfigurations = (
				1A5C30B1242C6DC400B1C2F4 /* Debug */,
				1A5C30B2242C6DC400B1C2F4 /* Release */,
			);
			defaultConfigurationIsVisible = 0;
			defaultConfigurationName = Release;
		};
/* End XCConfigurationList section */
	};
	rootObject = 1A5C307A242C6DC100B1C2F4 /* Project object */;
}
